
Microsoft Visual Studio Solution File, Format Version 12.00
# Visual Studio Version 17
VisualStudioVersion = 17.2.32616.157
MinimumVisualStudioVersion = 10.0.40219.1
Project("{8BC9CEB8-8B4A-11D0-8D11-00A0C91BC942}") = "Day07", "Day07\Day07.vcxproj", "{CC5662A1-810F-4A2B-8C30-D89CF109148B}"
EndProject
Global
	GlobalSection(SolutionConfigurationPlatforms) = preSolution
		Debug|x64 = Debug|x64
		Debug|x86 = Debug|x86
		Release|x64 = Release|x64
		Release|x86 = Release|x86
	EndGlobalSection
	GlobalSection(ProjectConfigurationPlatforms) = postSolution
		{CC5662A1-810F-4A2B-8C30-D89CF109148B}.Debug|x64.ActiveCfg = Debug|x64
		{CC5662A1-810F-4A2B-8C30-D89CF109148B}.Debug|x64.Build.0 = Debug|x64
		{CC5662A1-810F-4A2B-8C30-D89CF109148B}.Debug|x86.ActiveCfg = Debug|Win32
		{CC5662A1-810F-4A2B-8C30-D89CF109148B}.Debug|x86.Build.0 = Debug|Win32
		{CC5662A1-810F-4A2B-8C30-D89CF109148B}.Release|x64.ActiveCfg = Release|x64
		{CC5662A1-810F-4A2B-8C30-D89CF109148B}.Release|x64.Build.0 = Release|x64
		{CC5662A1-810F-4A2B-8C30-D89CF109148B}.Release|x86.ActiveCfg = Release|Win32
		{CC5662A1-810F-4A2B-8C30-D89CF109148B}.Release|x86.Build.0 = Release|Win32
	EndGlobalSection
	GlobalSection(SolutionProperties) = preSolution
		HideSolutionNode = FALSE
	EndGlobalSection
	GlobalSection(ExtensibilityGlobals) = postSolution
		SolutionGuid = {EFF49505-8864-4583-A013-00B0B1F62E1B}
	EndGlobalSection
EndGlobal
